
Microsoft Visual Studio Solution File, Format Version 12.00
# Visual Studio 15
VisualStudioVersion = 15.0.28307.438
MinimumVisualStudioVersion = 10.0.40219.1
Project("{FAE04EC0-301F-11D3-BF4B-00C04F79EFBC}") = "WebApi", "WebApi\WebApi.csproj", "{7AF6F13F-B56F-4936-9A4B-D0AF4E25CFA7}"
EndProject
Project("{FAE04EC0-301F-11D3-BF4B-00C04F79EFBC}") = "MVC", "MVC\MVC.csproj", "{13C71A2D-456D-42D6-9CF6-E244F90D0232}"
EndProject
Global
	GlobalSection(SolutionConfigurationPlatforms) = preSolution
		Debug|Any CPU = Debug|Any CPU
		Release|Any CPU = Release|Any CPU
	EndGlobalSection
	GlobalSection(ProjectConfigurationPlatforms) = postSolution
		{7AF6F13F-B56F-4936-9A4B-D0AF4E25CFA7}.Debug|Any CPU.ActiveCfg = Debug|Any CPU
		{7AF6F13F-B56F-4936-9A4B-D0AF4E25CFA7}.Debug|Any CPU.Build.0 = Debug|Any CPU
		{7AF6F13F-B56F-4936-9A4B-D0AF4E25CFA7}.Release|Any CPU.ActiveCfg = Release|Any CPU
		{7AF6F13F-B56F-4936-9A4B-D0AF4E25CFA7}.Release|Any CPU.Build.0 = Release|Any CPU
		{13C71A2D-456D-42D6-9CF6-E244F90D0232}.Debug|Any CPU.ActiveCfg = Debug|Any CPU
		{13C71A2D-456D-42D6-9CF6-E244F90D0232}.Debug|Any CPU.Build.0 = Debug|Any CPU
		{13C71A2D-456D-42D6-9CF6-E244F90D0232}.Release|Any CPU.ActiveCfg = Release|Any CPU
		{13C71A2D-456D-42D6-9CF6-E244F90D0232}.Release|Any CPU.Build.0 = Release|Any CPU
	EndGlobalSection
	GlobalSection(SolutionProperties) = preSolution
		HideSolutionNode = FALSE
	EndGlobalSection
	GlobalSection(ExtensibilityGlobals) = postSolution
		SolutionGuid = {5DA3DF67-BA8B-41F3-A443-D6FD88273950}
	EndGlobalSection
EndGlobal
